
Microsoft Visual Studio Solution File, Format Version 12.00
# Visual Studio Version 16
VisualStudioVersion = 16.0.30011.22
MinimumVisualStudioVersion = 10.0.40219.1
Project("{FAE04EC0-301F-11D3-BF4B-00C04F79EFBC}") = "Weba2mvc", "Weba2mvc.csproj", "{56373680-CC77-40E4-95E5-8F23DF8B523B}"
EndProject
Global
	GlobalSection(SolutionConfigurationPlatforms) = preSolution
		Debug|Any CPU = Debug|Any CPU
		Release|Any CPU = Release|Any CPU
	EndGlobalSection
	GlobalSection(ProjectConfigurationPlatforms) = postSolution
		{56373680-CC77-40E4-95E5-8F23DF8B523B}.Debug|Any CPU.ActiveCfg = Debug|Any CPU
		{56373680-CC77-40E4-95E5-8F23DF8B523B}.Debug|Any CPU.Build.0 = Debug|Any CPU
		{56373680-CC77-40E4-95E5-8F23DF8B523B}.Release|Any CPU.ActiveCfg = Release|Any CPU
		{56373680-CC77-40E4-95E5-8F23DF8B523B}.Release|Any CPU.Build.0 = Release|Any CPU
	EndGlobalSection
	GlobalSection(SolutionProperties) = preSolution
		HideSolutionNode = FALSE
	EndGlobalSection
	GlobalSection(ExtensibilityGlobals) = postSolution
		SolutionGuid = {9D508800-1338-4BE1-AFF1-683672F3B9BB}
	EndGlobalSection
EndGlobal
